{
  "originHash" : "9d62210c319a5e25d8c46097295a2f0c5f39b462780c551bc69fa7118aa7aa6f",
  "pins" : [
    {
      "identity" : "alamofire",
      "kind" : "remoteSourceControl",
      "location" : "https://github.com/Alamofire/Alamofire.git",
      "state" : {
        "revision" : "513364f870f6bfc468f9d2ff0a95caccc10044c5",
        "version" : "5.10.2"
      }
    },
    {
      "identity" : "cryptoswift",
      "kind" : "remoteSourceControl",
      "location" : "https://github.com/krzyzanowskim/CryptoSwift.git",
      "state" : {
        "revision" : "e45a26384239e028ec87fbcc788f513b67e10d8f",
        "version" : "1.9.0"
      }
    },
    {
      "identity" : "csustkit",
      "kind" : "remoteSourceControl",
      "location" : "https://github.com/zHElEARN/CSUSTKit.git",
      "state" : {
        "revision" : "8ecefa780bcd7b33cb5ce4081817a691139c640c",
        "version" : "1.0.21"
      }
    },
    {
      "identity" : "swiftsoup",
      "kind" : "remoteSourceControl",
      "location" : "https://github.com/scinfu/SwiftSoup.git",
      "state" : {
        "revision" : "aa85ee96017a730031bafe411cde24a08a17a9c9",
        "version" : "2.8.8"
      }
    }
  ],
  "version" : 3
}
